
Microsoft Visual Studio Solution File, Format Version 12.00
# Visual Studio Version 17
VisualStudioVersion = 17.14.36623.8 d17.14
MinimumVisualStudioVersion = 10.0.40219.1
Project("{FAE04EC0-301F-11D3-BF4B-00C04F79EFBC}") = "SoccerServer", "SoccerServer\SoccerServer.csproj", "{8E26ADF3-2C81-4521-B1CC-671AC58B37C9}"
EndProject
Global
	GlobalSection(SolutionConfigurationPlatforms) = preSolution
		Debug|Any CPU = Debug|Any CPU
		Release|Any CPU = Release|Any CPU
	EndGlobalSection
	GlobalSection(ProjectConfigurationPlatforms) = postSolution
		{8E26ADF3-2C81-4521-B1CC-671AC58B37C9}.Debug|Any CPU.ActiveCfg = Debug|Any CPU
		{8E26ADF3-2C81-4521-B1CC-671AC58B37C9}.Debug|Any CPU.Build.0 = Debug|Any CPU
		{8E26ADF3-2C81-4521-B1CC-671AC58B37C9}.Release|Any CPU.ActiveCfg = Release|Any CPU
		{8E26ADF3-2C81-4521-B1CC-671AC58B37C9}.Release|Any CPU.Build.0 = Release|Any CPU
	EndGlobalSection
	GlobalSection(SolutionProperties) = preSolution
		HideSolutionNode = FALSE
	EndGlobalSection
	GlobalSection(ExtensibilityGlobals) = postSolution
		SolutionGuid = {10E51717-FA23-428D-B45F-9DCC71993BDC}
	EndGlobalSection
EndGlobal
